
Microsoft Visual Studio Solution File, Format Version 12.00
# Visual Studio Version 16
VisualStudioVersion = 16.0.31424.327
MinimumVisualStudioVersion = 10.0.40219.1
Project("{9A19103F-16F7-4668-BE54-9A1E7A4F7556}") = "SimpleClassicTheme.ControlPanel.DisplayProperties", "SimpleClassicTheme.ControlPanel.DisplayProperties\SimpleClassicTheme.ControlPanel.DisplayProperties.csproj", "{3A922151-B55A-4BC2-90BD-9C1C70944C36}"
EndProject
Project("{FAE04EC0-301F-11D3-BF4B-00C04F79EFBC}") = "SimpleClassicTheme.ControlPanel.InputLanguages", "SimpleClassicTheme.ControlPanel.InputLanguages\SimpleClassicTheme.ControlPanel.InputLanguages.csproj", "{55F64F6B-DFB7-412E-AEE9-F7540E95E08D}"
EndProject
Global
	GlobalSection(SolutionConfigurationPlatforms) = preSolution
		Debug|Any CPU = Debug|Any CPU
		Release|Any CPU = Release|Any CPU
	EndGlobalSection
	GlobalSection(ProjectConfigurationPlatforms) = postSolution
		{3A922151-B55A-4BC2-90BD-9C1C70944C36}.Debug|Any CPU.ActiveCfg = Debug|Any CPU
		{3A922151-B55A-4BC2-90BD-9C1C70944C36}.Debug|Any CPU.Build.0 = Debug|Any CPU
		{3A922151-B55A-4BC2-90BD-9C1C70944C36}.Release|Any CPU.ActiveCfg = Release|Any CPU
		{3A922151-B55A-4BC2-90BD-9C1C70944C36}.Release|Any CPU.Build.0 = Release|Any CPU
		{55F64F6B-DFB7-412E-AEE9-F7540E95E08D}.Debug|Any CPU.ActiveCfg = Debug|Any CPU
		{55F64F6B-DFB7-412E-AEE9-F7540E95E08D}.Debug|Any CPU.Build.0 = Debug|Any CPU
		{55F64F6B-DFB7-412E-AEE9-F7540E95E08D}.Release|Any CPU.ActiveCfg = Release|Any CPU
		{55F64F6B-DFB7-412E-AEE9-F7540E95E08D}.Release|Any CPU.Build.0 = Release|Any CPU
	EndGlobalSection
	GlobalSection(SolutionProperties) = preSolution
		HideSolutionNode = FALSE
	EndGlobalSection
	GlobalSection(ExtensibilityGlobals) = postSolution
		SolutionGuid = {E31B0AE0-412E-46CC-A956-874007356428}
	EndGlobalSection
EndGlobal
